
Microsoft Visual Studio Solution File, Format Version 12.00
# Visual Studio 15
VisualStudioVersion = 15.0.28307.645
MinimumVisualStudioVersion = 10.0.40219.1
Project("{FAE04EC0-301F-11D3-BF4B-00C04F79EFBC}") = "MagicBus.Android", "MagicBus\MagicBus.Android\MagicBus.Android.csproj", "{1A56F4C6-CD42-42D2-8896-4355C5C79A12}"
EndProject
Project("{FAE04EC0-301F-11D3-BF4B-00C04F79EFBC}") = "MagicBus.iOS", "MagicBus\MagicBus.iOS\MagicBus.iOS.csproj", "{C7CF8063-66BC-4DEC-922C-6353042F4271}"
EndProject
Project("{9A19103F-16F7-4668-BE54-9A1E7A4F7556}") = "MagicBus", "MagicBus\MagicBus\MagicBus.csproj", "{F688C917-A4D1-4719-942A-22D16B6EBEDF}"
EndProject
Project("{2150E333-8FDC-42A3-9474-1A3956D46DE8}") = "MagicBus.Xamarin", "MagicBus.Xamarin", "{4EB7ED67-1744-44D5-B97F-54F7D886AF34}"
EndProject
Project("{FAE04EC0-301F-11D3-BF4B-00C04F79EFBC}") = "MagicBus.Common", "MagicBus.Common\MagicBus.Common.csproj", "{412551F6-195F-4EF9-9AE4-1E0B16EC88EA}"
EndProject
Global
	GlobalSection(SolutionConfigurationPlatforms) = preSolution
		Ad-Hoc|Any CPU = Ad-Hoc|Any CPU
		Ad-Hoc|iPhone = Ad-Hoc|iPhone
		Ad-Hoc|iPhoneSimulator = Ad-Hoc|iPhoneSimulator
		AppStore|Any CPU = AppStore|Any CPU
		AppStore|iPhone = AppStore|iPhone
		AppStore|iPhoneSimulator = AppStore|iPhoneSimulator
		Debug|Any CPU = Debug|Any CPU
		Debug|iPhone = Debug|iPhone
		Debug|iPhoneSimulator = Debug|iPhoneSimulator
		Release|Any CPU = Release|Any CPU
		Release|iPhone = Release|iPhone
		Release|iPhoneSimulator = Release|iPhoneSimulator
	EndGlobalSection
	GlobalSection(ProjectConfigurationPlatforms) = postSolution
		{1A56F4C6-CD42-42D2-8896-4355C5C79A12}.Ad-Hoc|Any CPU.ActiveCfg = Release|Any CPU
		{1A56F4C6-CD42-42D2-8896-4355C5C79A12}.Ad-Hoc|Any CPU.Build.0 = Release|Any CPU
		{1A56F4C6-CD42-42D2-8896-4355C5C79A12}.Ad-Hoc|Any CPU.Deploy.0 = Release|Any CPU
		{1A56F4C6-CD42-42D2-8896-4355C5C79A12}.Ad-Hoc|iPhone.ActiveCfg = Release|Any CPU
		{1A56F4C6-CD42-42D2-8896-4355C5C79A12}.Ad-Hoc|iPhone.Build.0 = Release|Any CPU
		{1A56F4C6-CD42-42D2-8896-4355C5C79A12}.Ad-Hoc|iPhone.Deploy.0 = Release|Any CPU
		{1A56F4C6-CD42-42D2-8896-4355C5C79A12}.Ad-Hoc|iPhoneSimulator.ActiveCfg = Release|Any CPU
		{1A56F4C6-CD42-42D2-8896-4355C5C79A12}.Ad-Hoc|iPhoneSimulator.Build.0 = Release|Any CPU
		{1A56F4C6-CD42-42D2-8896-4355C5C79A12}.Ad-Hoc|iPhoneSimulator.Deploy.0 = Release|Any CPU
		{1A56F4C6-CD42-42D2-8896-4355C5C79A12}.AppStore|Any CPU.ActiveCfg = Release|Any CPU
		{1A56F4C6-CD42-42D2-8896-4355C5C79A12}.AppStore|Any CPU.Build.0 = Release|Any CPU
		{1A56F4C6-CD42-42D2-8896-4355C5C79A12}.AppStore|Any CPU.Deploy.0 = Release|Any CPU
		{1A56F4C6-CD42-42D2-8896-4355C5C79A12}.AppStore|iPhone.ActiveCfg = Release|Any CPU
		{1A56F4C6-CD42-42D2-8896-4355C5C79A12}.AppStore|iPhone.Build.0 = Release|Any CPU
		{1A56F4C6-CD42-42D2-8896-4355C5C79A12}.AppStore|iPhone.Deploy.0 = Release|Any CPU
		{1A56F4C6-CD42-42D2-8896-4355C5C79A12}.AppStore|iPhoneSimulator.ActiveCfg = Release|Any CPU
		{1A56F4C6-CD42-42D2-8896-4355C5C79A12}.AppStore|iPhoneSimulator.Build.0 = Release|Any CPU
		{1A56F4C6-CD42-42D2-8896-4355C5C79A12}.AppStore|iPhoneSimulator.Deploy.0 = Release|Any CPU
		{1A56F4C6-CD42-42D2-8896-4355C5C79A12}.Debug|Any CPU.ActiveCfg = Debug|Any CPU
		{1A56F4C6-CD42-42D2-8896-4355C5C79A12}.Debug|Any CPU.Build.0 = Debug|Any CPU
		{1A56F4C6-CD42-42D2-8896-4355C5C79A12}.Debug|Any CPU.Deploy.0 = Debug|Any CPU
		{1A56F4C6-CD42-42D2-8896-4355C5C79A12}.Debug|iPhone.ActiveCfg = Debug|Any CPU
		{1A56F4C6-CD42-42D2-8896-4355C5C79A12}.Debug|iPhone.Build.0 = Debug|Any CPU
		{1A56F4C6-CD42-42D2-8896-4355C5C79A12}.Debug|iPhone.Deploy.0 = Debug|Any CPU
		{1A56F4C6-CD42-42D2-8896-4355C5C79A12}.Debug|iPhoneSimulator.ActiveCfg = Debug|Any CPU
		{1A56F4C6-CD42-42D2-8896-4355C5C79A12}.Debug|iPhoneSimulator.Build.0 = Debug|Any CPU
		{1A56F4C6-CD42-42D2-8896-4355C5C79A12}.Debug|iPhoneSimulator.Deploy.0 = Debug|Any CPU
		{1A56F4C6-CD42-42D2-8896-4355C5C79A12}.Release|Any CPU.ActiveCfg = Release|Any CPU
		{1A56F4C6-CD42-42D2-8896-4355C5C79A12}.Release|Any CPU.Build.0 = Release|Any CPU
		{1A56F4C6-CD42-42D2-8896-4355C5C79A12}.Release|Any CPU.Deploy.0 = Release|Any CPU
		{1A56F4C6-CD42-42D2-8896-4355C5C79A12}.Release|iPhone.ActiveCfg = Release|Any CPU
		{1A56F4C6-CD42-42D2-8896-4355C5C79A12}.Release|iPhone.Build.0 = Release|Any CPU
		{1A56F4C6-CD42-42D2-8896-4355C5C79A12}.Release|iPhone.Deploy.0 = Release|Any CPU
		{1A56F4C6-CD42-42D2-8896-4355C5C79A12}.Release|iPhoneSimulator.ActiveCfg = Release|Any CPU
		{1A56F4C6-CD42-42D2-8896-4355C5C79A12}.Release|iPhoneSimulator.Build.0 = Release|Any CPU
		{1A56F4C6-CD42-42D2-8896-4355C5C79A12}.Release|iPhoneSimulator.Deploy.0 = Release|Any CPU
		{C7CF8063-66BC-4DEC-922C-6353042F4271}.Ad-Hoc|Any CPU.ActiveCfg = Ad-Hoc|iPhone
		{C7CF8063-66BC-4DEC-922C-6353042F4271}.Ad-Hoc|Any CPU.Build.0 = Ad-Hoc|iPhone
		{C7CF8063-66BC-4DEC-922C-6353042F4271}.Ad-Hoc|Any CPU.Deploy.0 = Ad-Hoc|iPhone
		{C7CF8063-66BC-4DEC-922C-6353042F4271}.Ad-Hoc|iPhone.ActiveCfg = Ad-Hoc|iPhone
		{C7CF8063-66BC-4DEC-922C-6353042F4271}.Ad-Hoc|iPhone.Build.0 = Ad-Hoc|iPhone
		{C7CF8063-66BC-4DEC-922C-6353042F4271}.Ad-Hoc|iPhone.Deploy.0 = Ad-Hoc|iPhone
		{C7CF8063-66BC-4DEC-922C-6353042F4271}.Ad-Hoc|iPhoneSimulator.ActiveCfg = Ad-Hoc|iPhoneSimulator
		{C7CF8063-66BC-4DEC-922C-6353042F4271}.Ad-Hoc|iPhoneSimulator.Build.0 = Ad-Hoc|iPhoneSimulator
		{C7CF8063-66BC-4DEC-922C-6353042F4271}.Ad-Hoc|iPhoneSimulator.Deploy.0 = Ad-Hoc|iPhoneSimulator
		{C7CF8063-66BC-4DEC-922C-6353042F4271}.AppStore|Any CPU.ActiveCfg = AppStore|iPhone
		{C7CF8063-66BC-4DEC-922C-6353042F4271}.AppStore|Any CPU.Build.0 = AppStore|iPhone
		{C7CF8063-66BC-4DEC-922C-6353042F4271}.AppStore|Any CPU.Deploy.0 = AppStore|iPhone
		{C7CF8063-66BC-4DEC-922C-6353042F4271}.AppStore|iPhone.ActiveCfg = AppStore|iPhone
		{C7CF8063-66BC-4DEC-922C-6353042F4271}.AppStore|iPhone.Build.0 = AppStore|iPhone
		{C7CF8063-66BC-4DEC-922C-6353042F4271}.AppStore|iPhone.Deploy.0 = AppStore|iPhone
		{C7CF8063-66BC-4DEC-922C-6353042F4271}.AppStore|iPhoneSimulator.ActiveCfg = AppStore|iPhoneSimulator
		{C7CF8063-66BC-4DEC-922C-6353042F4271}.AppStore|iPhoneSimulator.Build.0 = AppStore|iPhoneSimulator
		{C7CF8063-66BC-4DEC-922C-6353042F4271}.AppStore|iPhoneSimulator.Deploy.0 = AppStore|iPhoneSimulator
		{C7CF8063-66BC-4DEC-922C-6353042F4271}.Debug|Any CPU.ActiveCfg = Debug|iPhoneSimulator
		{C7CF8063-66BC-4DEC-922C-6353042F4271}.Debug|Any CPU.Build.0 = Debug|iPhoneSimulator
		{C7CF8063-66BC-4DEC-922C-6353042F4271}.Debug|Any CPU.Deploy.0 = Debug|iPhoneSimulator
		{C7CF8063-66BC-4DEC-922C-6353042F4271}.Debug|iPhone.ActiveCfg = Debug|iPhone
		{C7CF8063-66BC-4DEC-922C-6353042F4271}.Debug|iPhone.Build.0 = Debug|iPhone
		{C7CF8063-66BC-4DEC-922C-6353042F4271}.Debug|iPhone.Deploy.0 = Debug|iPhone
		{C7CF8063-66BC-4DEC-922C-6353042F4271}.Debug|iPhoneSimulator.ActiveCfg = Debug|iPhoneSimulator
		{C7CF8063-66BC-4DEC-922C-6353042F4271}.Debug|iPhoneSimulator.Build.0 = Debug|iPhoneSimulator
		{C7CF8063-66BC-4DEC-922C-6353042F4271}.Debug|iPhoneSimulator.Deploy.0 = Debug|iPhoneSimulator
		{C7CF8063-66BC-4DEC-922C-6353042F4271}.Release|Any CPU.ActiveCfg = Release|iPhone
		{C7CF8063-66BC-4DEC-922C-6353042F4271}.Release|Any CPU.Build.0 = Release|iPhone
		{C7CF8063-66BC-4DEC-922C-6353042F4271}.Release|Any CPU.Deploy.0 = Release|iPhone
		{C7CF8063-66BC-4DEC-922C-6353042F4271}.Release|iPhone.ActiveCfg = Release|iPhone
		{C7CF8063-66BC-4DEC-922C-6353042F4271}.Release|iPhone.Build.0 = Release|iPhone
		{C7CF8063-66BC-4DEC-922C-6353042F4271}.Release|iPhone.Deploy.0 = Release|iPhone
		{C7CF8063-66BC-4DEC-922C-6353042F4271}.Release|iPhoneSimulator.ActiveCfg = Release|iPhoneSimulator
		{C7CF8063-66BC-4DEC-922C-6353042F4271}.Release|iPhoneSimulator.Build.0 = Release|iPhoneSimulator
		{C7CF8063-66BC-4DEC-922C-6353042F4271}.Release|iPhoneSimulator.Deploy.0 = Release|iPhoneSimulator
		{F688C917-A4D1-4719-942A-22D16B6EBEDF}.Ad-Hoc|Any CPU.ActiveCfg = Debug|Any CPU
		{F688C917-A4D1-4719-942A-22D16B6EBEDF}.Ad-Hoc|Any CPU.Build.0 = Debug|Any CPU
		{F688C917-A4D1-4719-942A-22D16B6EBEDF}.Ad-Hoc|Any CPU.Deploy.0 = Debug|Any CPU
		{F688C917-A4D1-4719-942A-22D16B6EBEDF}.Ad-Hoc|iPhone.ActiveCfg = Debug|Any CPU
		{F688C917-A4D1-4719-942A-22D16B6EBEDF}.Ad-Hoc|iPhone.Build.0 = Debug|Any CPU
		{F688C917-A4D1-4719-942A-22D16B6EBEDF}.Ad-Hoc|iPhone.Deploy.0 = Debug|Any CPU
		{F688C917-A4D1-4719-942A-22D16B6EBEDF}.Ad-Hoc|iPhoneSimulator.ActiveCfg = Debug|Any CPU
		{F688C917-A4D1-4719-942A-22D16B6EBEDF}.Ad-Hoc|iPhoneSimulator.Build.0 = Debug|Any CPU
		{F688C917-A4D1-4719-942A-22D16B6EBEDF}.Ad-Hoc|iPhoneSimulator.Deploy.0 = Debug|Any CPU
		{F688C917-A4D1-4719-942A-22D16B6EBEDF}.AppStore|Any CPU.ActiveCfg = Debug|Any CPU
		{F688C917-A4D1-4719-942A-22D16B6EBEDF}.AppStore|Any CPU.Build.0 = Debug|Any CPU
		{F688C917-A4D1-4719-942A-22D16B6EBEDF}.AppStore|Any CPU.Deploy.0 = Debug|Any CPU
		{F688C917-A4D1-4719-942A-22D16B6EBEDF}.AppStore|iPhone.ActiveCfg = Debug|Any CPU
		{F688C917-A4D1-4719-942A-22D16B6EBEDF}.AppStore|iPhone.Build.0 = Debug|Any CPU
		{F688C917-A4D1-4719-942A-22D16B6EBEDF}.AppStore|iPhone.Deploy.0 = Debug|Any CPU
		{F688C917-A4D1-4719-942A-22D16B6EBEDF}.AppStore|iPhoneSimulator.ActiveCfg = Debug|Any CPU
		{F688C917-A4D1-4719-942A-22D16B6EBEDF}.AppStore|iPhoneSimulator.Build.0 = Debug|Any CPU
		{F688C917-A4D1-4719-942A-22D16B6EBEDF}.AppStore|iPhoneSimulator.Deploy.0 = Debug|Any CPU
		{F688C917-A4D1-4719-942A-22D16B6EBEDF}.Debug|Any CPU.ActiveCfg = Debug|Any CPU
		{F688C917-A4D1-4719-942A-22D16B6EBEDF}.Debug|Any CPU.Build.0 = Debug|Any CPU
		{F688C917-A4D1-4719-942A-22D16B6EBEDF}.Debug|Any CPU.Deploy.0 = Debug|Any CPU
		{F688C917-A4D1-4719-942A-22D16B6EBEDF}.Debug|iPhone.ActiveCfg = Debug|Any CPU
		{F688C917-A4D1-4719-942A-22D16B6EBEDF}.Debug|iPhone.Build.0 = Debug|Any CPU
		{F688C917-A4D1-4719-942A-22D16B6EBEDF}.Debug|iPhone.Deploy.0 = Debug|Any CPU
		{F688C917-A4D1-4719-942A-22D16B6EBEDF}.Debug|iPhoneSimulator.ActiveCfg = Debug|Any CPU
		{F688C917-A4D1-4719-942A-22D16B6EBEDF}.Debug|iPhoneSimulator.Build.0 = Debug|Any CPU
		{F688C917-A4D1-4719-942A-22D16B6EBEDF}.Debug|iPhoneSimulator.Deploy.0 = Debug|Any CPU
		{F688C917-A4D1-4719-942A-22D16B6EBEDF}.Release|Any CPU.ActiveCfg = Release|Any CPU
		{F688C917-A4D1-4719-942A-22D16B6EBEDF}.Release|Any CPU.Build.0 = Release|Any CPU
		{F688C917-A4D1-4719-942A-22D16B6EBEDF}.Release|Any CPU.Deploy.0 = Release|Any CPU
		{F688C917-A4D1-4719-942A-22D16B6EBEDF}.Release|iPhone.ActiveCfg = Release|Any CPU
		{F688C917-A4D1-4719-942A-22D16B6EBEDF}.Release|iPhone.Build.0 = Release|Any CPU
		{F688C917-A4D1-4719-942A-22D16B6EBEDF}.Release|iPhone.Deploy.0 = Release|Any CPU
		{F688C917-A4D1-4719-942A-22D16B6EBEDF}.Release|iPhoneSimulator.ActiveCfg = Release|Any CPU
		{F688C917-A4D1-4719-942A-22D16B6EBEDF}.Release|iPhoneSimulator.Build.0 = Release|Any CPU
		{F688C917-A4D1-4719-942A-22D16B6EBEDF}.Release|iPhoneSimulator.Deploy.0 = Release|Any CPU
		{412551F6-195F-4EF9-9AE4-1E0B16EC88EA}.Ad-Hoc|Any CPU.ActiveCfg = Debug|Any CPU
		{412551F6-195F-4EF9-9AE4-1E0B16EC88EA}.Ad-Hoc|Any CPU.Build.0 = Debug|Any CPU
		{412551F6-195F-4EF9-9AE4-1E0B16EC88EA}.Ad-Hoc|iPhone.ActiveCfg = Debug|Any CPU
		{412551F6-195F-4EF9-9AE4-1E0B16EC88EA}.Ad-Hoc|iPhone.Build.0 = Debug|Any CPU
		{412551F6-195F-4EF9-9AE4-1E0B16EC88EA}.Ad-Hoc|iPhoneSimulator.ActiveCfg = Debug|Any CPU
		{412551F6-195F-4EF9-9AE4-1E0B16EC88EA}.Ad-Hoc|iPhoneSimulator.Build.0 = Debug|Any CPU
		{412551F6-195F-4EF9-9AE4-1E0B16EC88EA}.AppStore|Any CPU.ActiveCfg = Debug|Any CPU
		{412551F6-195F-4EF9-9AE4-1E0B16EC88EA}.AppStore|Any CPU.Build.0 = Debug|Any CPU
		{412551F6-195F-4EF9-9AE4-1E0B16EC88EA}.AppStore|iPhone.ActiveCfg = Debug|Any CPU
		{412551F6-195F-4EF9-9AE4-1E0B16EC88EA}.AppStore|iPhone.Build.0 = Debug|Any CPU
		{412551F6-195F-4EF9-9AE4-1E0B16EC88EA}.AppStore|iPhoneSimulator.ActiveCfg = Debug|Any CPU
		{412551F6-195F-4EF9-9AE4-1E0B16EC88EA}.AppStore|iPhoneSimulator.Build.0 = Debug|Any CPU
		{412551F6-195F-4EF9-9AE4-1E0B16EC88EA}.Debug|Any CPU.ActiveCfg = Debug|Any CPU
		{412551F6-195F-4EF9-9AE4-1E0B16EC88EA}.Debug|Any CPU.Build.0 = Debug|Any CPU
		{412551F6-195F-4EF9-9AE4-1E0B16EC88EA}.Debug|iPhone.ActiveCfg = Debug|Any CPU
		{412551F6-195F-4EF9-9AE4-1E0B16EC88EA}.Debug|iPhone.Build.0 = Debug|Any CPU
		{412551F6-195F-4EF9-9AE4-1E0B16EC88EA}.Debug|iPhoneSimulator.ActiveCfg = Debug|Any CPU
		{412551F6-195F-4EF9-9AE4-1E0B16EC88EA}.Debug|iPhoneSimulator.Build.0 = Debug|Any CPU
		{412551F6-195F-4EF9-9AE4-1E0B16EC88EA}.Release|Any CPU.ActiveCfg = Release|Any CPU
		{412551F6-195F-4EF9-9AE4-1E0B16EC88EA}.Release|Any CPU.Build.0 = Release|Any CPU
		{412551F6-195F-4EF9-9AE4-1E0B16EC88EA}.Release|iPhone.ActiveCfg = Release|Any CPU
		{412551F6-195F-4EF9-9AE4-1E0B16EC88EA}.Release|iPhone.Build.0 = Release|Any CPU
		{412551F6-195F-4EF9-9AE4-1E0B16EC88EA}.Release|iPhoneSimulator.ActiveCfg = Release|Any CPU
		{412551F6-195F-4EF9-9AE4-1E0B16EC88EA}.Release|iPhoneSimulator.Build.0 = Release|Any CPU
	EndGlobalSection
	GlobalSection(SolutionProperties) = preSolution
		HideSolutionNode = FALSE
	EndGlobalSection
	GlobalSection(NestedProjects) = preSolution
		{1A56F4C6-CD42-42D2-8896-4355C5C79A12} = {4EB7ED67-1744-44D5-B97F-54F7D886AF34}
		{C7CF8063-66BC-4DEC-922C-6353042F4271} = {4EB7ED67-1744-44D5-B97F-54F7D886AF34}
		{F688C917-A4D1-4719-942A-22D16B6EBEDF} = {4EB7ED67-1744-44D5-B97F-54F7D886AF34}
	EndGlobalSection
	GlobalSection(ExtensibilityGlobals) = postSolution
		SolutionGuid = {7D897F2B-3654-409A-9632-A170BE6043BF}
	EndGlobalSection
EndGlobal
